
Microsoft Visual Studio Solution File, Format Version 12.00
# Visual Studio Version 17
VisualStudioVersion = 17.3.32804.467
MinimumVisualStudioVersion = 10.0.40219.1
Project("{FAE04EC0-301F-11D3-BF4B-00C04F79EFBC}") = "SportsStore", "SportsStore\SportsStore.csproj", "{ED985967-297B-4DF5-B70B-4EEAC6BA8130}"
EndProject
Global
	GlobalSection(SolutionConfigurationPlatforms) = preSolution
		Debug|Any CPU = Debug|Any CPU
		Release|Any CPU = Release|Any CPU
	EndGlobalSection
	GlobalSection(ProjectConfigurationPlatforms) = postSolution
		{ED985967-297B-4DF5-B70B-4EEAC6BA8130}.Debug|Any CPU.ActiveCfg = Debug|Any CPU
		{ED985967-297B-4DF5-B70B-4EEAC6BA8130}.Debug|Any CPU.Build.0 = Debug|Any CPU
		{ED985967-297B-4DF5-B70B-4EEAC6BA8130}.Release|Any CPU.ActiveCfg = Release|Any CPU
		{ED985967-297B-4DF5-B70B-4EEAC6BA8130}.Release|Any CPU.Build.0 = Release|Any CPU
	EndGlobalSection
	GlobalSection(SolutionProperties) = preSolution
		HideSolutionNode = FALSE
	EndGlobalSection
	GlobalSection(ExtensibilityGlobals) = postSolution
		SolutionGuid = {49EE7E43-775C-494A-8DC7-EF742F0B5102}
	EndGlobalSection
EndGlobal
